
Microsoft Visual Studio Solution File, Format Version 12.00
# Visual Studio Version 17
VisualStudioVersion = 17.2.32630.192
MinimumVisualStudioVersion = 10.0.40219.1
Project("{FAE04EC0-301F-11D3-BF4B-00C04F79EFBC}") = "FirstTask", "FirstTask\FirstTask.csproj", "{75EFA7FD-E241-4157-A544-81B90441BF8E}"
EndProject
Global
	GlobalSection(SolutionConfigurationPlatforms) = preSolution
		Debug|Any CPU = Debug|Any CPU
		Release|Any CPU = Release|Any CPU
	EndGlobalSection
	GlobalSection(ProjectConfigurationPlatforms) = postSolution
		{75EFA7FD-E241-4157-A544-81B90441BF8E}.Debug|Any CPU.ActiveCfg = Debug|Any CPU
		{75EFA7FD-E241-4157-A544-81B90441BF8E}.Debug|Any CPU.Build.0 = Debug|Any CPU
		{75EFA7FD-E241-4157-A544-81B90441BF8E}.Release|Any CPU.ActiveCfg = Release|Any CPU
		{75EFA7FD-E241-4157-A544-81B90441BF8E}.Release|Any CPU.Build.0 = Release|Any CPU
	EndGlobalSection
	GlobalSection(SolutionProperties) = preSolution
		HideSolutionNode = FALSE
	EndGlobalSection
	GlobalSection(ExtensibilityGlobals) = postSolution
		SolutionGuid = {1C074CD4-0FCA-406B-9D66-870EBC254931}
	EndGlobalSection
EndGlobal
